PODS:
  - AnimatedCollectionViewLayout (1.1.0)
  - BubbleTransition (4.0.0)
  - Hero (1.6.2)
  - Pastel (0.6.0)

DEPENDENCIES:
  - AnimatedCollectionViewLayout
  - BubbleTransition
  - Hero
  - Pastel

SPEC REPOS:
  trunk:
    - AnimatedCollectionViewLayout
    - BubbleTransition
    - Hero
    - Pastel

SPEC CHECKSUMS:
  AnimatedCollectionViewLayout: 0c1a38c4be115c525c887be183fc91ef65737c5d
  BubbleTransition: 9d96f31375e0db46684e2060d3a601fa47d9f9c1
  Hero: c69009dbc9e2f0472e081adc644dba05fcedae72
  Pastel: 814f081efbe2859c37e65ee44f396e6e5be88619

PODFILE CHECKSUM: f42f8fb4f6164e91dafa8962233ff486784a91fc

COCOAPODS: 1.12.1
