// !$*UTF8*$!
{
	archiveVersion = 1;
	classes = {
	};
	objectVersion = 56;
	objects = {

/* Begin PBXBuildFile section */
		18044D002AF618F90045B1DE /* AppDelegate.swift in Sources */ = {isa = PBXBuildFile; fileRef = 18044CFF2AF618F90045B1DE /* AppDelegate.swift */; };
		18044D022AF618F90045B1DE /* SceneDelegate.swift in Sources */ = {isa = PBXBuildFile; fileRef = 18044D012AF618F90045B1DE /* SceneDelegate.swift */; };
		18044D042AF618F90045B1DE /* ViewController.swift in Sources */ = {isa = PBXBuildFile; fileRef = 18044D032AF618F90045B1DE /* ViewController.swift */; };
		18044D072AF618F90045B1DE /* Main.storyboard in Resources */ = {isa = PBXBuildFile; fileRef = 18044D052AF618F90045B1DE /* Main.storyboard */; };
		18044D0A2AF618F90045B1DE /* iosstudy6_1.xcdatamodeld in Sources */ = {isa = PBXBuildFile; fileRef = 18044D082AF618F90045B1DE /* iosstudy6_1.xcdatamodeld */; };
		18044D0C2AF618FA0045B1DE /* Assets.xcassets in Resources */ = {isa = PBXBuildFile; fileRef = 18044D0B2AF618FA0045B1DE /* Assets.xcassets */; };
		18044D0F2AF618FA0045B1DE /* LaunchScreen.storyboard in Resources */ = {isa = PBXBuildFile; fileRef = 18044D0D2AF618FA0045B1DE /* LaunchScreen.storyboard */; };
		183744D12AF7D31E00CCF9C6 /* SecondViewController.swift in Sources */ = {isa = PBXBuildFile; fileRef = 183744D02AF7D31E00CCF9C6 /* SecondViewController.swift */; };
		183744D32AF7D5E200CCF9C6 /* ThirdViewController.swift in Sources */ = {isa = PBXBuildFile; fileRef = 183744D22AF7D5E200CCF9C6 /* ThirdViewController.swift */; };
		F9F32B7074DB30BBA0A88193 /* Pods_iosstudy6_1.framework in Frameworks */ = {isa = PBXBuildFile; fileRef = 7B4897B625A3D9AA1A3A3790 /* Pods_iosstudy6_1.framework */; };
/* End PBXBuildFile section */

/* Begin PBXFileReference section */
		18044CFC2AF618F90045B1DE /* iosstudy6-1.app */ = {isa = PBXFileReference; explicitFileType = wrapper.application; includeInIndex = 0; path = "iosstudy6-1.app"; sourceTree = BUILT_PRODUCTS_DIR; };
		18044CFF2AF618F90045B1DE /* AppDelegate.swift */ = {isa = PBXFileReference; lastKnownFileType = sourcecode.swift; path = AppDelegate.swift; sourceTree = "<group>"; };
		18044D012AF618F90045B1DE /* SceneDelegate.swift */ = {isa = PBXFileReference; lastKnownFileType = sourcecode.swift; path = SceneDelegate.swift; sourceTree = "<group>"; };
		18044D032AF618F90045B1DE /* ViewController.swift */ = {isa = PBXFileReference; lastKnownFileType = sourcecode.swift; path = ViewController.swift; sourceTree = "<group>"; };
		18044D062AF618F90045B1DE /* Base */ = {isa = PBXFileReference; lastKnownFileType = file.storyboard; name = Base; path = Base.lproj/Main.storyboard; sourceTree = "<group>"; };
		18044D092AF618F90045B1DE /* iosstudy6_1.xcdatamodel */ = {isa = PBXFileReference; lastKnownFileType = wrapper.xcdatamodel; path = iosstudy6_1.xcdatamodel; sourceTree = "<group>"; };
		18044D0B2AF618FA0045B1DE /* Assets.xcassets */ = {isa = PBXFileReference; lastKnownFileType = folder.assetcatalog; path = Assets.xcassets; sourceTree = "<group>"; };
		18044D0E2AF618FA0045B1DE /* Base */ = {isa = PBXFileReference; lastKnownFileType = file.storyboard; name = Base; path = Base.lproj/LaunchScreen.storyboard; sourceTree = "<group>"; };
		18044D102AF618FA0045B1DE /* Info.plist */ = {isa = PBXFileReference; lastKnownFileType = text.plist.xml; path = Info.plist; sourceTree = "<group>"; };
		183744D02AF7D31E00CCF9C6 /* SecondViewController.swift */ = {isa = PBXFileReference; lastKnownFileType = sourcecode.swift; path = SecondViewController.swift; sourceTree = "<group>"; };
		183744D22AF7D5E200CCF9C6 /* ThirdViewController.swift */ = {isa = PBXFileReference; lastKnownFileType = sourcecode.swift; path = ThirdViewController.swift; sourceTree = "<group>"; };
		58E3B57B98B02613E48F6C5C /* Pods-iosstudy6-1.debug.xcconfig */ = {isa = PBXFileReference; includeInIndex = 1; lastKnownFileType = text.xcconfig; name = "Pods-iosstudy6-1.debug.xcconfig"; path = "Target Support Files/Pods-iosstudy6-1/Pods-iosstudy6-1.debug.xcconfig"; sourceTree = "<group>"; };
		63770A2B773424D1B880B673 /* Pods-iosstudy6-1.release.xcconfig */ = {isa = PBXFileReference; includeInIndex = 1; lastKnownFileType = text.xcconfig; name = "Pods-iosstudy6-1.release.xcconfig"; path = "Target Support Files/Pods-iosstudy6-1/Pods-iosstudy6-1.release.xcconfig"; sourceTree = "<group>"; };
		7B4897B625A3D9AA1A3A3790 /* Pods_iosstudy6_1.framework */ = {isa = PBXFileReference; explicitFileType = wrapper.framework; includeInIndex = 0; path = Pods_iosstudy6_1.framework; sourceTree = BUILT_PRODUCTS_DIR; };
/* End PBXFileReference section */

/* Begin PBXFrameworksBuildPhase section */
		18044CF92AF618F90045B1DE /* Frameworks */ = {
			isa = PBXFrameworksBuildPhase;
			buildActionMask = 2147483647;
			files = (
				F9F32B7074DB30BBA0A88193 /* Pods_iosstudy6_1.framework in Frameworks */,
			);
			runOnlyForDeploymentPostprocessing = 0;
		};
/* End PBXFrameworksBuildPhase section */

/* Begin PBXGroup section */
		052514B55F79A4FF28209594 /* Pods */ = {
			isa = PBXGroup;
			children = (
				58E3B57B98B02613E48F6C5C /* Pods-iosstudy6-1.debug.xcconfig */,
				63770A2B773424D1B880B673 /* Pods-iosstudy6-1.release.xcconfig */,
			);
			path = Pods;
			sourceTree = "<group>";
		};
		17850819607E08884A0ADE53 /* Frameworks */ = {
			isa = PBXGroup;
			children = (
				7B4897B625A3D9AA1A3A3790 /* Pods_iosstudy6_1.framework */,
			);
			name = Frameworks;
			sourceTree = "<group>";
		};
		18044CF32AF618F90045B1DE = {
			isa = PBXGroup;
			children = (
				18044CFE2AF618F90045B1DE /* iosstudy6-1 */,
				18044CFD2AF618F90045B1DE /* Products */,
				052514B55F79A4FF28209594 /* Pods */,
				17850819607E08884A0ADE53 /* Frameworks */,
			);
			sourceTree = "<group>";
		};
		18044CFD2AF618F90045B1DE /* Products */ = {
			isa = PBXGroup;
			children = (
				18044CFC2AF618F90045B1DE /* iosstudy6-1.app */,
			);
			name = Products;
			sourceTree = "<group>";
		};
		18044CFE2AF618F90045B1DE /* iosstudy6-1 */ = {
			isa = PBXGroup;
			children = (
				18044CFF2AF618F90045B1DE /* AppDelegate.swift */,
				18044D012AF618F90045B1DE /* SceneDelegate.swift */,
				18044D032AF618F90045B1DE /* ViewController.swift */,
				183744D02AF7D31E00CCF9C6 /* SecondViewController.swift */,
				183744D22AF7D5E200CCF9C6 /* ThirdViewController.swift */,
				18044D052AF618F90045B1DE /* Main.storyboard */,
				18044D0B2AF618FA0045B1DE /* Assets.xcassets */,
				18044D0D2AF618FA0045B1DE /* LaunchScreen.storyboard */,
				18044D102AF618FA0045B1DE /* Info.plist */,
				18044D082AF618F90045B1DE /* iosstudy6_1.xcdatamodeld */,
			);
			path = "iosstudy6-1";
			sourceTree = "<group>";
		};
/* End PBXGroup section */

/* Begin PBXNativeTarget section */
		18044CFB2AF618F90045B1DE /* iosstudy6-1 */ = {
			isa = PBXNativeTarget;
			buildConfigurationList = 18044D132AF618FA0045B1DE /* Build configuration list for PBXNativeTarget "iosstudy6-1" */;
			buildPhases = (
				5035E9CAEEE0CC38CF215D8E /* [CP] Check Pods Manifest.lock */,
				18044CF82AF618F90045B1DE /* Sources */,
				18044CF92AF618F90045B1DE /* Frameworks */,
				18044CFA2AF618F90045B1DE /* Resources */,
				5C1E7311C550D59EE63F64A0 /* [CP] Embed Pods Frameworks */,
			);
			buildRules = (
			);
			dependencies = (
			);
			name = "iosstudy6-1";
			productName = "iosstudy6-1";
			productReference = 18044CFC2AF618F90045B1DE /* iosstudy6-1.app */;
			productType = "com.apple.product-type.application";
		};
/* End PBXNativeTarget section */

/* Begin PBXProject section */
		18044CF42AF618F90045B1DE /* Project object */ = {
			isa = PBXProject;
			attributes = {
				BuildIndependentTargetsInParallel = 1;
				LastSwiftUpdateCheck = 1430;
				LastUpgradeCheck = 1430;
				TargetAttributes = {
					18044CFB2AF618F90045B1DE = {
						CreatedOnToolsVersion = 14.3;
					};
				};
			};
			buildConfigurationList = 18044CF72AF618F90045B1DE /* Build configuration list for PBXProject "iosstudy6-1" */;
			compatibilityVersion = "Xcode 14.0";
			developmentRegion = en;
			hasScannedForEncodings = 0;
			knownRegions = (
				en,
				Base,
			);
			mainGroup = 18044CF32AF618F90045B1DE;
			productRefGroup = 18044CFD2AF618F90045B1DE /* Products */;
			projectDirPath = "";
			projectRoot = "";
			targets = (
				18044CFB2AF618F90045B1DE /* iosstudy6-1 */,
			);
		};
/* End PBXProject section */

/* Begin PBXResourcesBuildPhase section */
		18044CFA2AF618F90045B1DE /* Resources */ = {
			isa = PBXResourcesBuildPhase;
			buildActionMask = 2147483647;
			files = (
				18044D0F2AF618FA0045B1DE /* LaunchScreen.storyboard in Resources */,
				18044D0C2AF618FA0045B1DE /* Assets.xcassets in Resources */,
				18044D072AF618F90045B1DE /* Main.storyboard in Resources */,
			);
			runOnlyForDeploymentPostprocessing = 0;
		};
/* End PBXResourcesBuildPhase section */

/* Begin PBXShellScriptBuildPhase section */
		5035E9CAEEE0CC38CF215D8E /* [CP] Check Pods Manifest.lock */ = {
			isa = PBXShellScriptBuildPhase;
			buildActionMask = 2147483647;
			files = (
			);
			inputFileListPaths = (
			);
			inputPaths = (
				"${PODS_PODFILE_DIR_PATH}/Podfile.lock",
				"${PODS_ROOT}/Manifest.lock",
			);
			name = "[CP] Check Pods Manifest.lock";
			outputFileListPaths = (
			);
			outputPaths = (
				"$(DERIVED_FILE_DIR)/Pods-iosstudy6-1-checkManifestLockResult.txt",
			);
			runOnlyForDeploymentPostprocessing = 0;
			shellPath = /bin/sh;
			shellScript = "diff \"${PODS_PODFILE_DIR_PATH}/Podfile.lock\" \"${PODS_ROOT}/Manifest.lock\" > /dev/null\nif [ $? != 0 ] ; then\n    # print error to STDERR\n    echo \"error: The sandbox is not in sync with the Podfile.lock. Run 'pod install' or update your CocoaPods installation.\" >&2\n    exit 1\nfi\n# This output is used by Xcode 'outputs' to avoid re-running this script phase.\necho \"SUCCESS\" > \"${SCRIPT_OUTPUT_FILE_0}\"\n";
			showEnvVarsInLog = 0;
		};
		5C1E7311C550D59EE63F64A0 /* [CP] Embed Pods Frameworks */ = {
			isa = PBXShellScriptBuildPhase;
			buildActionMask = 2147483647;
			files = (
			);
			inputFileListPaths = (
				"${PODS_ROOT}/Target Support Files/Pods-iosstudy6-1/Pods-iosstudy6-1-frameworks-${CONFIGURATION}-input-files.xcfilelist",
			);
			name = "[CP] Embed Pods Frameworks";
			outputFileListPaths = (
				"${PODS_ROOT}/Target Support Files/Pods-iosstudy6-1/Pods-iosstudy6-1-frameworks-${CONFIGURATION}-output-files.xcfilelist",
			);
			runOnlyForDeploymentPostprocessing = 0;
			shellPath = /bin/sh;
			shellScript = "\"${PODS_ROOT}/Target Support Files/Pods-iosstudy6-1/Pods-iosstudy6-1-frameworks.sh\"\n";
			showEnvVarsInLog = 0;
		};
/* End PBXShellScriptBuildPhase section */

/* Begin PBXSourcesBuildPhase section */
		18044CF82AF618F90045B1DE /* Sources */ = {
			isa = PBXSourcesBuildPhase;
			buildActionMask = 2147483647;
			files = (
				18044D042AF618F90045B1DE /* ViewController.swift in Sources */,
				18044D002AF618F90045B1DE /* AppDelegate.swift in Sources */,
				18044D0A2AF618F90045B1DE /* iosstudy6_1.xcdatamodeld in Sources */,
				183744D12AF7D31E00CCF9C6 /* SecondViewController.swift in Sources */,
				183744D32AF7D5E200CCF9C6 /* ThirdViewController.swift in Sources */,
				18044D022AF618F90045B1DE /* SceneDelegate.swift in Sources */,
			);
			runOnlyForDeploymentPostprocessing = 0;
		};
/* End PBXSourcesBuildPhase section */

/* Begin PBXVariantGroup section */
		18044D052AF618F90045B1DE /* Main.storyboard */ = {
			isa = PBXVariantGroup;
			children = (
				18044D062AF618F90045B1DE /* Base */,
			);
			name = Main.storyboard;
			sourceTree = "<group>";
		};
		18044D0D2AF618FA0045B1DE /* LaunchScreen.storyboard */ = {
			isa = PBXVariantGroup;
			children = (
				18044D0E2AF618FA0045B1DE /* Base */,
			);
			name = LaunchScreen.storyboard;
			sourceTree = "<group>";
		};
/* End PBXVariantGroup section */

/* Begin XCBuildConfiguration section */
		18044D112AF618FA0045B1DE /* Debug */ = {
			isa = XCBuildConfiguration;
			buildSettings = {
				ALWAYS_SEARCH_USER_PATHS = NO;
				CLANG_ANALYZER_NONNULL = YES;
				CLANG_ANALYZER_NUMBER_OBJECT_CONVERSION = YES_AGGRESSIVE;
				CLANG_CXX_LANGUAGE_STANDARD = "gnu++20";
				CLANG_ENABLE_MODULES = YES;
				CLANG_ENABLE_OBJC_ARC = YES;
				CLANG_ENABLE_OBJC_WEAK = YES;
				CLANG_WARN_BLOCK_CAPTURE_AUTORELEASING = YES;
				CLANG_WARN_BOOL_CONVERSION = YES;
				CLANG_WARN_COMMA = YES;
				CLANG_WARN_CONSTANT_CONVERSION = YES;
				CLANG_WARN_DEPRECATED_OBJC_IMPLEMENTATIONS = YES;
				CLANG_WARN_DIRECT_OBJC_ISA_USAGE = YES_ERROR;
				CLANG_WARN_DOCUMENTATION_COMMENTS = YES;
				CLANG_WARN_EMPTY_BODY = YES;
				CLANG_WARN_ENUM_CONVERSION = YES;
				CLANG_WARN_INFINITE_RECURSION = YES;
				CLANG_WARN_INT_CONVERSION = YES;
				CLANG_WARN_NON_LITERAL_NULL_CONVERSION = YES;
				CLANG_WARN_OBJC_IMPLICIT_RETAIN_SELF = YES;
				CLANG_WARN_OBJC_LITERAL_CONVERSION = YES;
				CLANG_WARN_OBJC_ROOT_CLASS = YES_ERROR;
				CLANG_WARN_QUOTED_INCLUDE_IN_FRAMEWORK_HEADER = YES;
				CLANG_WARN_RANGE_LOOP_ANALYSIS = YES;
				CLANG_WARN_STRICT_PROTOTYPES = YES;
				CLANG_WARN_SUSPICIOUS_MOVE = YES;
				CLANG_WARN_UNGUARDED_AVAILABILITY = YES_AGGRESSIVE;
				CLANG_WARN_UNREACHABLE_CODE = YES;
				CLANG_WARN__DUPLICATE_METHOD_MATCH = YES;
				COPY_PHASE_STRIP = NO;
				DEBUG_INFORMATION_FORMAT = dwarf;
				ENABLE_STRICT_OBJC_MSGSEND = YES;
				ENABLE_TESTABILITY = YES;
				GCC_C_LANGUAGE_STANDARD = gnu11;
				GCC_DYNAMIC_NO_PIC = NO;
				GCC_NO_COMMON_BLOCKS = YES;
				GCC_OPTIMIZATION_LEVEL = 0;
				GCC_PREPROCESSOR_DEFINITIONS = (
					"DEBUG=1",
					"$(inherited)",
				);
				GCC_WARN_64_TO_32_BIT_CONVERSION = YES;
				GCC_WARN_ABOUT_RETURN_TYPE = YES_ERROR;
				GCC_WARN_UNDECLARED_SELECTOR = YES;
				GCC_WARN_UNINITIALIZED_AUTOS = YES_AGGRESSIVE;
				GCC_WARN_UNUSED_FUNCTION = YES;
				GCC_WARN_UNUSED_VARIABLE = YES;
				IPHONEOS_DEPLOYMENT_TARGET = 16.4;
				MTL_ENABLE_DEBUG_INFO = INCLUDE_SOURCE;
				MTL_FAST_MATH = YES;
				ONLY_ACTIVE_ARCH = YES;
				SDKROOT = iphoneos;
				SWIFT_ACTIVE_COMPILATION_CONDITIONS = DEBUG;
				SWIFT_OPTIMIZATION_LEVEL = "-Onone";
			};
			name = Debug;
		};
		18044D122AF618FA0045B1DE /* Release */ = {
			isa = XCBuildConfiguration;
			buildSettings = {
				ALWAYS_SEARCH_USER_PATHS = NO;
				CLANG_ANALYZER_NONNULL = YES;
				CLANG_ANALYZER_NUMBER_OBJECT_CONVERSION = YES_AGGRESSIVE;
				CLANG_CXX_LANGUAGE_STANDARD = "gnu++20";
				CLANG_ENABLE_MODULES = YES;
				CLANG_ENABLE_OBJC_ARC = YES;
				CLANG_ENABLE_OBJC_WEAK = YES;
				CLANG_WARN_BLOCK_CAPTURE_AUTORELEASING = YES;
				CLANG_WARN_BOOL_CONVERSION = YES;
				CLANG_WARN_COMMA = YES;
				CLANG_WARN_CONSTANT_CONVERSION = YES;
				CLANG_WARN_DEPRECATED_OBJC_IMPLEMENTATIONS = YES;
				CLANG_WARN_DIRECT_OBJC_ISA_USAGE = YES_ERROR;
				CLANG_WARN_DOCUMENTATION_COMMENTS = YES;
				CLANG_WARN_EMPTY_BODY = YES;
				CLANG_WARN_ENUM_CONVERSION = YES;
				CLANG_WARN_INFINITE_RECURSION = YES;
				CLANG_WARN_INT_CONVERSION = YES;
				CLANG_WARN_NON_LITERAL_NULL_CONVERSION = YES;
				CLANG_WARN_OBJC_IMPLICIT_RETAIN_SELF = YES;
				CLANG_WARN_OBJC_LITERAL_CONVERSION = YES;
				CLANG_WARN_OBJC_ROOT_CLASS = YES_ERROR;
				CLANG_WARN_QUOTED_INCLUDE_IN_FRAMEWORK_HEADER = YES;
				CLANG_WARN_RANGE_LOOP_ANALYSIS = YES;
				CLANG_WARN_STRICT_PROTOTYPES = YES;
				CLANG_WARN_SUSPICIOUS_MOVE = YES;
				CLANG_WARN_UNGUARDED_AVAILABILITY = YES_AGGRESSIVE;
				CLANG_WARN_UNREACHABLE_CODE = YES;
				CLANG_WARN__DUPLICATE_METHOD_MATCH = YES;
				COPY_PHASE_STRIP = NO;
				DEBUG_INFORMATION_FORMAT = "dwarf-with-dsym";
				ENABLE_NS_ASSERTIONS = NO;
				ENABLE_STRICT_OBJC_MSGSEND = YES;
				GCC_C_LANGUAGE_STANDARD = gnu11;
				GCC_NO_COMMON_BLOCKS = YES;
				GCC_WARN_64_TO_32_BIT_CONVERSION = YES;
				GCC_WARN_ABOUT_RETURN_TYPE = YES_ERROR;
				GCC_WARN_UNDECLARED_SELECTOR = YES;
				GCC_WARN_UNINITIALIZED_AUTOS = YES_AGGRESSIVE;
				GCC_WARN_UNUSED_FUNCTION = YES;
				GCC_WARN_UNUSED_VARIABLE = YES;
				IPHONEOS_DEPLOYMENT_TARGET = 16.4;
				MTL_ENABLE_DEBUG_INFO = NO;
				MTL_FAST_MATH = YES;
				SDKROOT = iphoneos;
				SWIFT_COMPILATION_MODE = wholemodule;
				SWIFT_OPTIMIZATION_LEVEL = "-O";
				VALIDATE_PRODUCT = YES;
			};
			name = Release;
		};
		18044D142AF618FA0045B1DE /* Debug */ = {
			isa = XCBuildConfiguration;
			baseConfigurationReference = 58E3B57B98B02613E48F6C5C /* Pods-iosstudy6-1.debug.xcconfig */;
			buildSettings = {
				ASSETCATALOG_COMPILER_APPICON_NAME = AppIcon;
				ASSETCATALOG_COMPILER_GLOBAL_ACCENT_COLOR_NAME = AccentColor;
				CODE_SIGN_STYLE = Automatic;
				CURRENT_PROJECT_VERSION = 1;
				GENERATE_INFOPLIST_FILE = YES;
				INFOPLIST_FILE = "iosstudy6-1/Info.plist";
				INFOPLIST_KEY_UIApplicationSupportsIndirectInputEvents = YES;
				INFOPLIST_KEY_UILaunchStoryboardName = LaunchScreen;
				INFOPLIST_KEY_UIMainStoryboardFile = Main;
				INFOPLIST_KEY_UISupportedInterfaceOrientations_iPad = "UIInterfaceOrientationPortrait UIInterfaceOrientationPortraitUpsideDown UIInterfaceOrientationLandscapeLeft UIInterfaceOrientationLandscapeRight";
				INFOPLIST_KEY_UISupportedInterfaceOrientations_iPhone = "UIInterfaceOrientationPortrait UIInterfaceOrientationLandscapeLeft UIInterfaceOrientationLandscapeRight";
				LD_RUNPATH_SEARCH_PATHS = (
					"$(inherited)",
					"@executable_path/Frameworks",
				);
				MARKETING_VERSION = 1.0;
				PRODUCT_BUNDLE_IDENTIFIER = "iOSstudy.iosstudy6-1";
				PRODUCT_NAME = "$(TARGET_NAME)";
				SWIFT_EMIT_LOC_STRINGS = YES;
				SWIFT_VERSION = 5.0;
				TARGETED_DEVICE_FAMILY = "1,2";
			};
			name = Debug;
		};
		18044D152AF618FA0045B1DE /* Release */ = {
			isa = XCBuildConfiguration;
			baseConfigurationReference = 63770A2B773424D1B880B673 /* Pods-iosstudy6-1.release.xcconfig */;
			buildSettings = {
				ASSETCATALOG_COMPILER_APPICON_NAME = AppIcon;
				ASSETCATALOG_COMPILER_GLOBAL_ACCENT_COLOR_NAME = AccentColor;
				CODE_SIGN_STYLE = Automatic;
				CURRENT_PROJECT_VERSION = 1;
				GENERATE_INFOPLIST_FILE = YES;
				INFOPLIST_FILE = "iosstudy6-1/Info.plist";
				INFOPLIST_KEY_UIApplicationSupportsIndirectInputEvents = YES;
				INFOPLIST_KEY_UILaunchStoryboardName = LaunchScreen;
				INFOPLIST_KEY_UIMainStoryboardFile = Main;
				INFOPLIST_KEY_UISupportedInterfaceOrientations_iPad = "UIInterfaceOrientationPortrait UIInterfaceOrientationPortraitUpsideDown UIInterfaceOrientationLandscapeLeft UIInterfaceOrientationLandscapeRight";
				INFOPLIST_KEY_UISupportedInterfaceOrientations_iPhone = "UIInterfaceOrientationPortrait UIInterfaceOrientationLandscapeLeft UIInterfaceOrientationLandscapeRight";
				LD_RUNPATH_SEARCH_PATHS = (
					"$(inherited)",
					"@executable_path/Frameworks",
				);
				MARKETING_VERSION = 1.0;
				PRODUCT_BUNDLE_IDENTIFIER = "iOSstudy.iosstudy6-1";
				PRODUCT_NAME = "$(TARGET_NAME)";
				SWIFT_EMIT_LOC_STRINGS = YES;
				SWIFT_VERSION = 5.0;
				TARGETED_DEVICE_FAMILY = "1,2";
			};
			name = Release;
		};
/* End XCBuildConfiguration section */

/* Begin XCConfigurationList section */
		18044CF72AF618F90045B1DE /* Build configuration list for PBXProject "iosstudy6-1" */ = {
			isa = XCConfigurationList;
			buildConfigurations = (
				18044D112AF618FA0045B1DE /* Debug */,
				18044D122AF618FA0045B1DE /* Release */,
			);
			defaultConfigurationIsVisible = 0;
			defaultConfigurationName = Release;
		};
		18044D132AF618FA0045B1DE /* Build configuration list for PBXNativeTarget "iosstudy6-1" */ = {
			isa = XCConfigurationList;
			buildConfigurations = (
				18044D142AF618FA0045B1DE /* Debug */,
				18044D152AF618FA0045B1DE /* Release */,
			);
			defaultConfigurationIsVisible = 0;
			defaultConfigurationName = Release;
		};
/* End XCConfigurationList section */

/* Begin XCVersionGroup section */
		18044D082AF618F90045B1DE /* iosstudy6_1.xcdatamodeld */ = {
			isa = XCVersionGroup;
			children = (
				18044D092AF618F90045B1DE /* iosstudy6_1.xcdatamodel */,
			);
			currentVersion = 18044D092AF618F90045B1DE /* iosstudy6_1.xcdatamodel */;
			path = iosstudy6_1.xcdatamodeld;
			sourceTree = "<group>";
			versionGroupType = wrapper.xcdatamodel;
		};
/* End XCVersionGroup section */
	};
	rootObject = 18044CF42AF618F90045B1DE /* Project object */;
}
